// !$*UTF8*$!
{
	archiveVersion = 1;
	classes = {
	};
	objectVersion = 55;
	objects = {

/* Begin PBXBuildFile section */
		80196DD22875FD6A00A2653F /* EquipmentLossesListView.swift in Sources */ = {isa = PBXBuildFile; fileRef = 80196DD12875FD6A00A2653F /* EquipmentLossesListView.swift */; };
		80196DD428761C1500A2653F /* PersonnelViewModel.swift in Sources */ = {isa = PBXBuildFile; fileRef = 80196DD328761C1500A2653F /* PersonnelViewModel.swift */; };
		80196DD628761C2200A2653F /* EquipmentViewModel.swift in Sources */ = {isa = PBXBuildFile; fileRef = 80196DD528761C2200A2653F /* EquipmentViewModel.swift */; };
		80196DD82876281100A2653F /* DatePickerView.swift in Sources */ = {isa = PBXBuildFile; fileRef = 80196DD72876281100A2653F /* DatePickerView.swift */; };
		80562782287219FB001F7356 /* enemy_lossesApp.swift in Sources */ = {isa = PBXBuildFile; fileRef = 80562781287219FB001F7356 /* enemy_lossesApp.swift */; };
		80562784287219FB001F7356 /* MainView.swift in Sources */ = {isa = PBXBuildFile; fileRef = 80562783287219FB001F7356 /* MainView.swift */; };
		80562786287219FC001F7356 /* Assets.xcassets in Resources */ = {isa = PBXBuildFile; fileRef = 80562785287219FC001F7356 /* Assets.xcassets */; };
		80562789287219FC001F7356 /* Preview Assets.xcassets in Resources */ = {isa = PBXBuildFile; fileRef = 80562788287219FC001F7356 /* Preview Assets.xcassets */; };
		807450A02872622900A7CF4F /* RingView.swift in Sources */ = {isa = PBXBuildFile; fileRef = 8074509F2872622900A7CF4F /* RingView.swift */; };
		80868F4A2872BFF900D0BE77 /* EquipmentModel.swift in Sources */ = {isa = PBXBuildFile; fileRef = 80868F492872BFF900D0BE77 /* EquipmentModel.swift */; };
		80EB304228723AE0003D151C /* WidgetView.swift in Sources */ = {isa = PBXBuildFile; fileRef = 80EB304128723AE0003D151C /* WidgetView.swift */; };
		80EB304428723AEF003D151C /* MainWidgetView.swift in Sources */ = {isa = PBXBuildFile; fileRef = 80EB304328723AEF003D151C /* MainWidgetView.swift */; };
		80EB3046287253D4003D151C /* BottomView.swift in Sources */ = {isa = PBXBuildFile; fileRef = 80EB3045287253D4003D151C /* BottomView.swift */; };
		80FAD84B28749E0700CA8B6A /* PersonnelModel.swift in Sources */ = {isa = PBXBuildFile; fileRef = 80FAD84A28749E0600CA8B6A /* PersonnelModel.swift */; };
		80FAD84D28749ECD00CA8B6A /* FetcherViewModel.swift in Sources */ = {isa = PBXBuildFile; fileRef = 80FAD84C28749ECD00CA8B6A /* FetcherViewModel.swift */; };
/* End PBXBuildFile section */

/* Begin PBXFileReference section */
		80196DD12875FD6A00A2653F /* EquipmentLossesListView.swift */ = {isa = PBXFileReference; lastKnownFileType = sourcecode.swift; path = EquipmentLossesListView.swift; sourceTree = "<group>"; };
		80196DD328761C1500A2653F /* PersonnelViewModel.swift */ = {isa = PBXFileReference; lastKnownFileType = sourcecode.swift; path = PersonnelViewModel.swift; sourceTree = "<group>"; };
		80196DD528761C2200A2653F /* EquipmentViewModel.swift */ = {isa = PBXFileReference; lastKnownFileType = sourcecode.swift; path = EquipmentViewModel.swift; sourceTree = "<group>"; };
		80196DD72876281100A2653F /* DatePickerView.swift */ = {isa = PBXFileReference; lastKnownFileType = sourcecode.swift; path = DatePickerView.swift; sourceTree = "<group>"; };
		8056277E287219FB001F7356 /* enemy-losses.app */ = {isa = PBXFileReference; explicitFileType = wrapper.application; includeInIndex = 0; path = "enemy-losses.app"; sourceTree = BUILT_PRODUCTS_DIR; };
		80562781287219FB001F7356 /* enemy_lossesApp.swift */ = {isa = PBXFileReference; lastKnownFileType = sourcecode.swift; path = enemy_lossesApp.swift; sourceTree = "<group>"; };
		80562783287219FB001F7356 /* MainView.swift */ = {isa = PBXFileReference; lastKnownFileType = sourcecode.swift; path = MainView.swift; sourceTree = "<group>"; };
		80562785287219FC001F7356 /* Assets.xcassets */ = {isa = PBXFileReference; lastKnownFileType = folder.assetcatalog; path = Assets.xcassets; sourceTree = "<group>"; };
		80562788287219FC001F7356 /* Preview Assets.xcassets */ = {isa = PBXFileReference; lastKnownFileType = folder.assetcatalog; path = "Preview Assets.xcassets"; sourceTree = "<group>"; };
		8074509F2872622900A7CF4F /* RingView.swift */ = {isa = PBXFileReference; lastKnownFileType = sourcecode.swift; path = RingView.swift; sourceTree = "<group>"; };
		80868F492872BFF900D0BE77 /* EquipmentModel.swift */ = {isa = PBXFileReference; lastKnownFileType = sourcecode.swift; path = EquipmentModel.swift; sourceTree = "<group>"; };
		80EB304128723AE0003D151C /* WidgetView.swift */ = {isa = PBXFileReference; lastKnownFileType = sourcecode.swift; path = WidgetView.swift; sourceTree = "<group>"; };
		80EB304328723AEF003D151C /* MainWidgetView.swift */ = {isa = PBXFileReference; lastKnownFileType = sourcecode.swift; path = MainWidgetView.swift; sourceTree = "<group>"; };
		80EB3045287253D4003D151C /* BottomView.swift */ = {isa = PBXFileReference; lastKnownFileType = sourcecode.swift; path = BottomView.swift; sourceTree = "<group>"; };
		80FAD84A28749E0600CA8B6A /* PersonnelModel.swift */ = {isa = PBXFileReference; lastKnownFileType = sourcecode.swift; path = PersonnelModel.swift; sourceTree = "<group>"; };
		80FAD84C28749ECD00CA8B6A /* FetcherViewModel.swift */ = {isa = PBXFileReference; lastKnownFileType = sourcecode.swift; path = FetcherViewModel.swift; sourceTree = "<group>"; };
/* End PBXFileReference section */

/* Begin PBXFrameworksBuildPhase section */
		8056277B287219FB001F7356 /* Frameworks */ = {
			isa = PBXFrameworksBuildPhase;
			buildActionMask = 2147483647;
			files = (
			);
			runOnlyForDeploymentPostprocessing = 0;
		};
/* End PBXFrameworksBuildPhase section */

/* Begin PBXGroup section */
		80196DD02875FC8E00A2653F /* WidgetViews */ = {
			isa = PBXGroup;
			children = (
				80EB304328723AEF003D151C /* MainWidgetView.swift */,
				80EB304128723AE0003D151C /* WidgetView.swift */,
				80196DD12875FD6A00A2653F /* EquipmentLossesListView.swift */,
			);
			path = WidgetViews;
			sourceTree = "<group>";
		};
		80562775287219FB001F7356 = {
			isa = PBXGroup;
			children = (
				80562780287219FB001F7356 /* enemy-losses */,
				8056277F287219FB001F7356 /* Products */,
			);
			sourceTree = "<group>";
		};
		8056277F287219FB001F7356 /* Products */ = {
			isa = PBXGroup;
			children = (
				8056277E287219FB001F7356 /* enemy-losses.app */,
			);
			name = Products;
			sourceTree = "<group>";
		};
		80562780287219FB001F7356 /* enemy-losses */ = {
			isa = PBXGroup;
			children = (
				80EB303F287225E9003D151C /* ViewModels */,
				80EB303E287225E3003D151C /* Models */,
				80562781287219FB001F7356 /* enemy_lossesApp.swift */,
				80EB303D287225DB003D151C /* Views */,
				80562785287219FC001F7356 /* Assets.xcassets */,
				80562787287219FC001F7356 /* Preview Content */,
			);
			path = "enemy-losses";
			sourceTree = "<group>";
		};
		80562787287219FC001F7356 /* Preview Content */ = {
			isa = PBXGroup;
			children = (
				80562788287219FC001F7356 /* Preview Assets.xcassets */,
			);
			path = "Preview Content";
			sourceTree = "<group>";
		};
		80EB303D287225DB003D151C /* Views */ = {
			isa = PBXGroup;
			children = (
				80196DD02875FC8E00A2653F /* WidgetViews */,
				80562783287219FB001F7356 /* MainView.swift */,
				80EB3045287253D4003D151C /* BottomView.swift */,
				8074509F2872622900A7CF4F /* RingView.swift */,
				80196DD72876281100A2653F /* DatePickerView.swift */,
			);
			path = Views;
			sourceTree = "<group>";
		};
		80EB303E287225E3003D151C /* Models */ = {
			isa = PBXGroup;
			children = (
				80868F492872BFF900D0BE77 /* EquipmentModel.swift */,
				80FAD84A28749E0600CA8B6A /* PersonnelModel.swift */,
			);
			path = Models;
			sourceTree = "<group>";
		};
		80EB303F287225E9003D151C /* ViewModels */ = {
			isa = PBXGroup;
			children = (
				80FAD84C28749ECD00CA8B6A /* FetcherViewModel.swift */,
				80196DD328761C1500A2653F /* PersonnelViewModel.swift */,
				80196DD528761C2200A2653F /* EquipmentViewModel.swift */,
			);
			path = ViewModels;
			sourceTree = "<group>";
		};
/* End PBXGroup section */

/* Begin PBXNativeTarget section */
		8056277D287219FB001F7356 /* enemy-losses */ = {
			isa = PBXNativeTarget;
			buildConfigurationList = 8056278C287219FC001F7356 /* Build configuration list for PBXNativeTarget "enemy-losses" */;
			buildPhases = (
				8056277A287219FB001F7356 /* Sources */,
				8056277B287219FB001F7356 /* Frameworks */,
				8056277C287219FB001F7356 /* Resources */,
			);
			buildRules = (
			);
			dependencies = (
			);
			name = "enemy-losses";
			productName = "enemy-losses";
			productReference = 8056277E287219FB001F7356 /* enemy-losses.app */;
			productType = "com.apple.product-type.application";
		};
/* End PBXNativeTarget section */

/* Begin PBXProject section */
		80562776287219FB001F7356 /* Project object */ = {
			isa = PBXProject;
			attributes = {
				BuildIndependentTargetsInParallel = 1;
				LastSwiftUpdateCheck = 1340;
				LastUpgradeCheck = 1340;
				TargetAttributes = {
					8056277D287219FB001F7356 = {
						CreatedOnToolsVersion = 13.4.1;
					};
				};
			};
			buildConfigurationList = 80562779287219FB001F7356 /* Build configuration list for PBXProject "enemy-losses" */;
			compatibilityVersion = "Xcode 13.0";
			developmentRegion = en;
			hasScannedForEncodings = 0;
			knownRegions = (
				en,
				Base,
			);
			mainGroup = 80562775287219FB001F7356;
			productRefGroup = 8056277F287219FB001F7356 /* Products */;
			projectDirPath = "";
			projectRoot = "";
			targets = (
				8056277D287219FB001F7356 /* enemy-losses */,
			);
		};
/* End PBXProject section */

/* Begin PBXResourcesBuildPhase section */
		8056277C287219FB001F7356 /* Resources */ = {
			isa = PBXResourcesBuildPhase;
			buildActionMask = 2147483647;
			files = (
				80562789287219FC001F7356 /* Preview Assets.xcassets in Resources */,
				80562786287219FC001F7356 /* Assets.xcassets in Resources */,
			);
			runOnlyForDeploymentPostprocessing = 0;
		};
/* End PBXResourcesBuildPhase section */

/* Begin PBXSourcesBuildPhase section */
		8056277A287219FB001F7356 /* Sources */ = {
			isa = PBXSourcesBuildPhase;
			buildActionMask = 2147483647;
			files = (
				807450A02872622900A7CF4F /* RingView.swift in Sources */,
				80EB304228723AE0003D151C /* WidgetView.swift in Sources */,
				80868F4A2872BFF900D0BE77 /* EquipmentModel.swift in Sources */,
				80FAD84D28749ECD00CA8B6A /* FetcherViewModel.swift in Sources */,
				80196DD22875FD6A00A2653F /* EquipmentLossesListView.swift in Sources */,
				80562784287219FB001F7356 /* MainView.swift in Sources */,
				80196DD428761C1500A2653F /* PersonnelViewModel.swift in Sources */,
				80196DD628761C2200A2653F /* EquipmentViewModel.swift in Sources */,
				80FAD84B28749E0700CA8B6A /* PersonnelModel.swift in Sources */,
				80196DD82876281100A2653F /* DatePickerView.swift in Sources */,
				80EB3046287253D4003D151C /* BottomView.swift in Sources */,
				80562782287219FB001F7356 /* enemy_lossesApp.swift in Sources */,
				80EB304428723AEF003D151C /* MainWidgetView.swift in Sources */,
			);
			runOnlyForDeploymentPostprocessing = 0;
		};
/* End PBXSourcesBuildPhase section */

/* Begin XCBuildConfiguration section */
		8056278A287219FC001F7356 /* Debug */ = {
			isa = XCBuildConfiguration;
			buildSettings = {
				ALWAYS_SEARCH_USER_PATHS = NO;
				CLANG_ANALYZER_NONNULL = YES;
				CLANG_ANALYZER_NUMBER_OBJECT_CONVERSION = YES_AGGRESSIVE;
				CLANG_CXX_LANGUAGE_STANDARD = "gnu++17";
				CLANG_ENABLE_MODULES = YES;
				CLANG_ENABLE_OBJC_ARC = YES;
				CLANG_ENABLE_OBJC_WEAK = YES;
				CLANG_WARN_BLOCK_CAPTURE_AUTORELEASING = YES;
				CLANG_WARN_BOOL_CONVERSION = YES;
				CLANG_WARN_COMMA = YES;
				CLANG_WARN_CONSTANT_CONVERSION = YES;
				CLANG_WARN_DEPRECATED_OBJC_IMPLEMENTATIONS = YES;
				CLANG_WARN_DIRECT_OBJC_ISA_USAGE = YES_ERROR;
				CLANG_WARN_DOCUMENTATION_COMMENTS = YES;
				CLANG_WARN_EMPTY_BODY = YES;
				CLANG_WARN_ENUM_CONVERSION = YES;
				CLANG_WARN_INFINITE_RECURSION = YES;
				CLANG_WARN_INT_CONVERSION = YES;
				CLANG_WARN_NON_LITERAL_NULL_CONVERSION = YES;
				CLANG_WARN_OBJC_IMPLICIT_RETAIN_SELF = YES;
				CLANG_WARN_OBJC_LITERAL_CONVERSION = YES;
				CLANG_WARN_OBJC_ROOT_CLASS = YES_ERROR;
				CLANG_WARN_QUOTED_INCLUDE_IN_FRAMEWORK_HEADER = YES;
				CLANG_WARN_RANGE_LOOP_ANALYSIS = YES;
				CLANG_WARN_STRICT_PROTOTYPES = YES;
				CLANG_WARN_SUSPICIOUS_MOVE = YES;
				CLANG_WARN_UNGUARDED_AVAILABILITY = YES_AGGRESSIVE;
				CLANG_WARN_UNREACHABLE_CODE = YES;
				CLANG_WARN__DUPLICATE_METHOD_MATCH = YES;
				COPY_PHASE_STRIP = NO;
				DEBUG_INFORMATION_FORMAT = dwarf;
				ENABLE_STRICT_OBJC_MSGSEND = YES;
				ENABLE_TESTABILITY = YES;
				GCC_C_LANGUAGE_STANDARD = gnu11;
				GCC_DYNAMIC_NO_PIC = NO;
				GCC_NO_COMMON_BLOCKS = YES;
				GCC_OPTIMIZATION_LEVEL = 0;
				GCC_PREPROCESSOR_DEFINITIONS = (
					"DEBUG=1",
					"$(inherited)",
				);
				GCC_WARN_64_TO_32_BIT_CONVERSION = YES;
				GCC_WARN_ABOUT_RETURN_TYPE = YES_ERROR;
				GCC_WARN_UNDECLARED_SELECTOR = YES;
				GCC_WARN_UNINITIALIZED_AUTOS = YES_AGGRESSIVE;
				GCC_WARN_UNUSED_FUNCTION = YES;
				GCC_WARN_UNUSED_VARIABLE = YES;
				IPHONEOS_DEPLOYMENT_TARGET = 15.5;
				MTL_ENABLE_DEBUG_INFO = INCLUDE_SOURCE;
				MTL_FAST_MATH = YES;
				ONLY_ACTIVE_ARCH = YES;
				SDKROOT = iphoneos;
				SWIFT_ACTIVE_COMPILATION_CONDITIONS = DEBUG;
				SWIFT_OPTIMIZATION_LEVEL = "-Onone";
			};
			name = Debug;
		};
		8056278B287219FC001F7356 /* Release */ = {
			isa = XCBuildConfiguration;
			buildSettings = {
				ALWAYS_SEARCH_USER_PATHS = NO;
				CLANG_ANALYZER_NONNULL = YES;
				CLANG_ANALYZER_NUMBER_OBJECT_CONVERSION = YES_AGGRESSIVE;
				CLANG_CXX_LANGUAGE_STANDARD = "gnu++17";
				CLANG_ENABLE_MODULES = YES;
				CLANG_ENABLE_OBJC_ARC = YES;
				CLANG_ENABLE_OBJC_WEAK = YES;
				CLANG_WARN_BLOCK_CAPTURE_AUTORELEASING = YES;
				CLANG_WARN_BOOL_CONVERSION = YES;
				CLANG_WARN_COMMA = YES;
				CLANG_WARN_CONSTANT_CONVERSION = YES;
				CLANG_WARN_DEPRECATED_OBJC_IMPLEMENTATIONS = YES;
				CLANG_WARN_DIRECT_OBJC_ISA_USAGE = YES_ERROR;
				CLANG_WARN_DOCUMENTATION_COMMENTS = YES;
				CLANG_WARN_EMPTY_BODY = YES;
				CLANG_WARN_ENUM_CONVERSION = YES;
				CLANG_WARN_INFINITE_RECURSION = YES;
				CLANG_WARN_INT_CONVERSION = YES;
				CLANG_WARN_NON_LITERAL_NULL_CONVERSION = YES;
				CLANG_WARN_OBJC_IMPLICIT_RETAIN_SELF = YES;
				CLANG_WARN_OBJC_LITERAL_CONVERSION = YES;
				CLANG_WARN_OBJC_ROOT_CLASS = YES_ERROR;
				CLANG_WARN_QUOTED_INCLUDE_IN_FRAMEWORK_HEADER = YES;
				CLANG_WARN_RANGE_LOOP_ANALYSIS = YES;
				CLANG_WARN_STRICT_PROTOTYPES = YES;
				CLANG_WARN_SUSPICIOUS_MOVE = YES;
				CLANG_WARN_UNGUARDED_AVAILABILITY = YES_AGGRESSIVE;
				CLANG_WARN_UNREACHABLE_CODE = YES;
				CLANG_WARN__DUPLICATE_METHOD_MATCH = YES;
				COPY_PHASE_STRIP = NO;
				DEBUG_INFORMATION_FORMAT = "dwarf-with-dsym";
				ENABLE_NS_ASSERTIONS = NO;
				ENABLE_STRICT_OBJC_MSGSEND = YES;
				GCC_C_LANGUAGE_STANDARD = gnu11;
				GCC_NO_COMMON_BLOCKS = YES;
				GCC_WARN_64_TO_32_BIT_CONVERSION = YES;
				GCC_WARN_ABOUT_RETURN_TYPE = YES_ERROR;
				GCC_WARN_UNDECLARED_SELECTOR = YES;
				GCC_WARN_UNINITIALIZED_AUTOS = YES_AGGRESSIVE;
				GCC_WARN_UNUSED_FUNCTION = YES;
				GCC_WARN_UNUSED_VARIABLE = YES;
				IPHONEOS_DEPLOYMENT_TARGET = 15.5;
				MTL_ENABLE_DEBUG_INFO = NO;
				MTL_FAST_MATH = YES;
				SDKROOT = iphoneos;
				SWIFT_COMPILATION_MODE = wholemodule;
				SWIFT_OPTIMIZATION_LEVEL = "-O";
				VALIDATE_PRODUCT = YES;
			};
			name = Release;
		};
		8056278D287219FC001F7356 /* Debug */ = {
			isa = XCBuildConfiguration;
			buildSettings = {
				ASSETCATALOG_COMPILER_APPICON_NAME = AppIcon;
				ASSETCATALOG_COMPILER_GLOBAL_ACCENT_COLOR_NAME = AccentColor;
				CODE_SIGN_STYLE = Automatic;
				CURRENT_PROJECT_VERSION = 1;
				DEVELOPMENT_ASSET_PATHS = "\"enemy-losses/Preview Content\"";
				DEVELOPMENT_TEAM = 5L3P894NU4;
				ENABLE_PREVIEWS = YES;
				GENERATE_INFOPLIST_FILE = YES;
				INFOPLIST_KEY_UIApplicationSceneManifest_Generation = YES;
				INFOPLIST_KEY_UIApplicationSupportsIndirectInputEvents = YES;
				INFOPLIST_KEY_UILaunchScreen_Generation = YES;
				INFOPLIST_KEY_UISupportedInterfaceOrientations_iPad = "UIInterfaceOrientationPortrait UIInterfaceOrientationPortraitUpsideDown UIInterfaceOrientationLandscapeLeft UIInterfaceOrientationLandscapeRight";
				INFOPLIST_KEY_UISupportedInterfaceOrientations_iPhone = "UIInterfaceOrientationPortrait UIInterfaceOrientationLandscapeLeft UIInterfaceOrientationLandscapeRight";
				LD_RUNPATH_SEARCH_PATHS = (
					"$(inherited)",
					"@executable_path/Frameworks",
				);
				MARKETING_VERSION = 1.0;
				PRODUCT_BUNDLE_IDENTIFIER = "com.triple-k.enemy-losses";
				PRODUCT_NAME = "$(TARGET_NAME)";
				SWIFT_EMIT_LOC_STRINGS = YES;
				SWIFT_VERSION = 5.0;
				TARGETED_DEVICE_FAMILY = "1,2";
			};
			name = Debug;
		};
		8056278E287219FC001F7356 /* Release */ = {
			isa = XCBuildConfiguration;
			buildSettings = {
				ASSETCATALOG_COMPILER_APPICON_NAME = AppIcon;
				ASSETCATALOG_COMPILER_GLOBAL_ACCENT_COLOR_NAME = AccentColor;
				CODE_SIGN_STYLE = Automatic;
				CURRENT_PROJECT_VERSION = 1;
				DEVELOPMENT_ASSET_PATHS = "\"enemy-losses/Preview Content\"";
				DEVELOPMENT_TEAM = 5L3P894NU4;
				ENABLE_PREVIEWS = YES;
				GENERATE_INFOPLIST_FILE = YES;
				INFOPLIST_KEY_UIApplicationSceneManifest_Generation = YES;
				INFOPLIST_KEY_UIApplicationSupportsIndirectInputEvents = YES;
				INFOPLIST_KEY_UILaunchScreen_Generation = YES;
				INFOPLIST_KEY_UISupportedInterfaceOrientations_iPad = "UIInterfaceOrientationPortrait UIInterfaceOrientationPortraitUpsideDown UIInterfaceOrientationLandscapeLeft UIInterfaceOrientationLandscapeRight";
				INFOPLIST_KEY_UISupportedInterfaceOrientations_iPhone = "UIInterfaceOrientationPortrait UIInterfaceOrientationLandscapeLeft UIInterfaceOrientationLandscapeRight";
				LD_RUNPATH_SEARCH_PATHS = (
					"$(inherited)",
					"@executable_path/Frameworks",
				);
				MARKETING_VERSION = 1.0;
				PRODUCT_BUNDLE_IDENTIFIER = "com.triple-k.enemy-losses";
				PRODUCT_NAME = "$(TARGET_NAME)";
				SWIFT_EMIT_LOC_STRINGS = YES;
				SWIFT_VERSION = 5.0;
				TARGETED_DEVICE_FAMILY = "1,2";
			};
			name = Release;
		};
/* End XCBuildConfiguration section */

/* Begin XCConfigurationList section */
		80562779287219FB001F7356 /* Build configuration list for PBXProject "enemy-losses" */ = {
			isa = XCConfigurationList;
			buildConfigurations = (
				8056278A287219FC001F7356 /* Debug */,
				8056278B287219FC001F7356 /* Release */,
			);
			defaultConfigurationIsVisible = 0;
			defaultConfigurationName = Release;
		};
		8056278C287219FC001F7356 /* Build configuration list for PBXNativeTarget "enemy-losses" */ = {
			isa = XCConfigurationList;
			buildConfigurations = (
				8056278D287219FC001F7356 /* Debug */,
				8056278E287219FC001F7356 /* Release */,
			);
			defaultConfigurationIsVisible = 0;
			defaultConfigurationName = Release;
		};
/* End XCConfigurationList section */
	};
	rootObject = 80562776287219FB001F7356 /* Project object */;
}
